
Microsoft Visual Studio Solution File, Format Version 12.00
# Visual Studio Version 17
VisualStudioVersion = 17.11.35327.3
MinimumVisualStudioVersion = 10.0.40219.1
Project("{FAE04EC0-301F-11D3-BF4B-00C04F79EFBC}") = "RYHME", "RYHME.csproj", "{43E9E398-A0A0-47AB-99CF-7DFD355E8FDF}"
EndProject
Global
	GlobalSection(SolutionConfigurationPlatforms) = preSolution
		Debug|Any CPU = Debug|Any CPU
		Release|Any CPU = Release|Any CPU
	EndGlobalSection
	GlobalSection(ProjectConfigurationPlatforms) = postSolution
		{43E9E398-A0A0-47AB-99CF-7DFD355E8FDF}.Debug|Any CPU.ActiveCfg = Debug|Any CPU
		{43E9E398-A0A0-47AB-99CF-7DFD355E8FDF}.Debug|Any CPU.Build.0 = Debug|Any CPU
		{43E9E398-A0A0-47AB-99CF-7DFD355E8FDF}.Release|Any CPU.ActiveCfg = Release|Any CPU
		{43E9E398-A0A0-47AB-99CF-7DFD355E8FDF}.Release|Any CPU.Build.0 = Release|Any CPU
	EndGlobalSection
	GlobalSection(SolutionProperties) = preSolution
		HideSolutionNode = FALSE
	EndGlobalSection
	GlobalSection(ExtensibilityGlobals) = postSolution
		SolutionGuid = {F4C7DD35-6BC8-4B0A-AA76-68751B75B758}
	EndGlobalSection
EndGlobal
